{
  "name": "monacotest2",
  "version": "0.0.0",
  "lockfileVersion": 3,
  "requires": true,
  "packages": {
    "": {
      "name": "monacotest2",
      "version": "0.0.0",
      "dependencies": {
        "@codingame/esbuild-import-meta-url-plugin": "^1.0.2",
        "@leanprover/infoview-api": "^0.4.0",
        "axios": "^1.7.2",
        "cheerio": "^1.0.0-rc.12",
        "mobx": "5.15.7",
        "monaco-editor-wrapper": "^5.2.0",
        "zod": "^3.23.8"
      },
      "devDependencies": {
        "@types/node": "^20.14.2",
        "@types/vscode": "^1.89.0",
        "typescript": "^5.2.2",
        "vite": "^5.2.0"
      }
    },
    "node_modules/@codingame/esbuild-import-meta-url-plugin": {
      "version": "1.0.2",
      "resolved": "https://registry.npmjs.org/@codingame/esbuild-import-meta-url-plugin/-/esbuild-import-meta-url-plugin-1.0.2.tgz",
      "integrity": "sha512-b1PjH6DVdTQd0WLO2R+b9oMlO7REyiAVbcx8weN1ZYiBSROuAy9MJ/j2NI4sxmFv9GK0wM9HRrBg6J2CBZ1xzQ==",
      "dependencies": {
        "esbuild": ">=0.19.x",
        "import-meta-resolve": "^4.0.0"
      }
    },
    "node_modules/@codingame/monaco-vscode-base-service-override": {
      "version": "5.2.0",
      "resolved": "https://registry.npmjs.org/@codingame/monaco-vscode-base-service-override/-/monaco-vscode-base-service-override-5.2.0.tgz",
      "integrity": "sha512-N53Ppw7NUQ9oyqkEFCm+DBS2vV5vexpRAPgUOzU3Jn1LcZ8EIWZSFBZLzkNJgLvzFEjs+RV2srvG3tYXorAksw==",
      "dependencies": {
        "vscode": "npm:@codingame/monaco-vscode-api@5.2.0"
      }
    },
    "node_modules/@codingame/monaco-vscode-configuration-service-override": {
      "version": "5.2.0",
      "resolved": "https://registry.npmjs.org/@codingame/monaco-vscode-configuration-service-override/-/monaco-vscode-configuration-service-override-5.2.0.tgz",
      "integrity": "sha512-E9sH8nm0a9MURSY6tOwAeHI9U8UJYDIoSoy9qRZkL5XVq3qZVM1ggPTzVqyovaPIFIE8HVWZfhUUHaCa3pTweA==",
      "dependencies": {
        "@codingame/monaco-vscode-files-service-override": "5.2.0",
        "vscode": "npm:@codingame/monaco-vscode-api@5.2.0"
      }
    },
    "node_modules/@codingame/monaco-vscode-editor-service-override": {
      "version": "5.2.0",
      "resolved": "https://registry.npmjs.org/@codingame/monaco-vscode-editor-service-override/-/monaco-vscode-editor-service-override-5.2.0.tgz",
      "integrity": "sha512-i7sAnNNbAStz0FYpPBwrmE+b6oKLLiWjnWZW5DhY2z5TnSpysRiG4R5y/QtXhxi6Q+5gr33V3YnZobdWSTXLAA==",
      "dependencies": {
        "vscode": "npm:@codingame/monaco-vscode-api@5.2.0"
      }
    },
    "node_modules/@codingame/monaco-vscode-environment-service-override": {
      "version": "5.2.0",
      "resolved": "https://registry.npmjs.org/@codingame/monaco-vscode-environment-service-override/-/monaco-vscode-environment-service-override-5.2.0.tgz",
      "integrity": "sha512-0i0q9E0p/b7rlJ4lZ0VpkQ3p4VTBPwB1n7tC0oCNeC13uvGJEt2aIpz/HMwUIyUGeHqaOkniDPAzxP8uU/X5Xg==",
      "dependencies": {
        "vscode": "npm:@codingame/monaco-vscode-api@5.2.0"
      }
    },
    "node_modules/@codingame/monaco-vscode-extensions-service-override": {
      "version": "5.2.0",
      "resolved": "https://registry.npmjs.org/@codingame/monaco-vscode-extensions-service-override/-/monaco-vscode-extensions-service-override-5.2.0.tgz",
      "integrity": "sha512-RhSt1q/QWp6xgbgg3+4HpiEl9vCxYMm55JXRHT2QjlJjxAbzyelyjy/S3JzIk/OYiKEz0WmEPCie9FiuBal+zQ==",
      "dependencies": {
        "@codingame/monaco-vscode-files-service-override": "5.2.0",
        "vscode": "npm:@codingame/monaco-vscode-api@5.2.0"
      }
    },
    "node_modules/@codingame/monaco-vscode-files-service-override": {
      "version": "5.2.0",
      "resolved": "https://registry.npmjs.org/@codingame/monaco-vscode-files-service-override/-/monaco-vscode-files-service-override-5.2.0.tgz",
      "integrity": "sha512-rvIoXDe4QeE9kTBzXQmRlojwCagRf7VmTocCQhzy152ZMEdRuFkgY+ecdladecCbUm8r/kW9I92HGmWb2CYo+g==",
      "dependencies": {
        "vscode": "npm:@codingame/monaco-vscode-api@5.2.0"
      }
    },
    "node_modules/@codingame/monaco-vscode-host-service-override": {
      "version": "5.2.0",
      "resolved": "https://registry.npmjs.org/@codingame/monaco-vscode-host-service-override/-/monaco-vscode-host-service-override-5.2.0.tgz",
      "integrity": "sha512-ZOG9apnM08F1hDqZt5WVYFDaJwAd+Ct7bzCiNbqMorQhzJ38F5t82uEpNXuCy7rT2qJ9bFW4YSRlGgDfPsgkWw==",
      "dependencies": {
        "vscode": "npm:@codingame/monaco-vscode-api@5.2.0"
      }
    },
    "node_modules/@codingame/monaco-vscode-language-pack-cs": {
      "version": "5.2.0",
      "resolved": "https://registry.npmjs.org/@codingame/monaco-vscode-language-pack-cs/-/monaco-vscode-language-pack-cs-5.2.0.tgz",
      "integrity": "sha512-YHU9DqbDBDOHD43fVfdttucC0b9SY6QVsVaLr8P7MF7LvRdATnPSWSwBqvUUUWr68S6Uz/OAUX/9eqHEedvdxQ==",
      "dependencies": {
        "vscode": "npm:@codingame/monaco-vscode-api@5.2.0"
      }
    },
    "node_modules/@codingame/monaco-vscode-language-pack-de": {
      "version": "5.2.0",
      "resolved": "https://registry.npmjs.org/@codingame/monaco-vscode-language-pack-de/-/monaco-vscode-language-pack-de-5.2.0.tgz",
      "integrity": "sha512-S9OKqy1YOzTKznXtVWmzJSfoPiWd8X7yJXDDHWLoLStCp4xexSkLKeqBZvEeE57j/Wi1bOhlvwPCgq/UogQK4Q==",
      "dependencies": {
        "vscode": "npm:@codingame/monaco-vscode-api@5.2.0"
      }
    },
    "node_modules/@codingame/monaco-vscode-language-pack-es": {
      "version": "5.2.0",
      "resolved": "https://registry.npmjs.org/@codingame/monaco-vscode-language-pack-es/-/monaco-vscode-language-pack-es-5.2.0.tgz",
      "integrity": "sha512-rUoFikHrCx3FE0TZ2yizc9dpl/AN9jSPW6qJmTOrFnKkOrJZLiUnTJBz3UkQ0eJrGBbHwuOrswemqFlGyEO4Kg==",
      "dependencies": {
        "vscode": "npm:@codingame/monaco-vscode-api@5.2.0"
      }
    },
    "node_modules/@codingame/monaco-vscode-language-pack-fr": {
      "version": "5.2.0",
      "resolved": "https://registry.npmjs.org/@codingame/monaco-vscode-language-pack-fr/-/monaco-vscode-language-pack-fr-5.2.0.tgz",
      "integrity": "sha512-wGCO+6GlRuP14RHpwpp1OgIfFsVd5MnQ4u9WbXcdLNzvL+2Y2NI4XNmRZ7tJbuiWUIKfWzKWJtBJdlD/cRMXSQ==",
      "dependencies": {
        "vscode": "npm:@codingame/monaco-vscode-api@5.2.0"
      }
    },
    "node_modules/@codingame/monaco-vscode-language-pack-it": {
      "version": "5.2.0",
      "resolved": "https://registry.npmjs.org/@codingame/monaco-vscode-language-pack-it/-/monaco-vscode-language-pack-it-5.2.0.tgz",
      "integrity": "sha512-YxuyuferrBy1MA5RozWcTj3kzxrfauMVslNhG3lOdYj/Hm/Cq2j05VakQGUZuWwUP6QiLY5aTgl06JirWJb5Ow==",
      "dependencies": {
        "vscode": "npm:@codingame/monaco-vscode-api@5.2.0"
      }
    },
    "node_modules/@codingame/monaco-vscode-language-pack-ja": {
      "version": "5.2.0",
      "resolved": "https://registry.npmjs.org/@codingame/monaco-vscode-language-pack-ja/-/monaco-vscode-language-pack-ja-5.2.0.tgz",
      "integrity": "sha512-KGKv48h6vyAdFK54zA6tI0xkDTzzzXQ7a2SSKxNI615PZ5mnqzP07XY3RzhTW2zegVdKzVOGSwymH0dSQL/52w==",
      "dependencies": {
        "vscode": "npm:@codingame/monaco-vscode-api@5.2.0"
      }
    },
    "node_modules/@codingame/monaco-vscode-language-pack-ko": {
      "version": "5.2.0",
      "resolved": "https://registry.npmjs.org/@codingame/monaco-vscode-language-pack-ko/-/monaco-vscode-language-pack-ko-5.2.0.tgz",
      "integrity": "sha512-AJ4CdS6TDp92swkvI37iri4OOEuMXZ5EHzadWmN8G4fjNdTIOXwLJM4+eu0iroi4W36b7dU5Sb3NbUTlu7Rh9w==",
      "dependencies": {
        "vscode": "npm:@codingame/monaco-vscode-api@5.2.0"
      }
    },
    "node_modules/@codingame/monaco-vscode-language-pack-pl": {
      "version": "5.2.0",
      "resolved": "https://registry.npmjs.org/@codingame/monaco-vscode-language-pack-pl/-/monaco-vscode-language-pack-pl-5.2.0.tgz",
      "integrity": "sha512-xAb6UsUPw7gs09hk1vY/aDG1UMtb12dUtrEXbWFUrZeBe7449lA4Rh/KV2vaRYvSoG+CX6WA7cNwCRZFFSvOyQ==",
      "dependencies": {
        "vscode": "npm:@codingame/monaco-vscode-api@5.2.0"
      }
    },
    "node_modules/@codingame/monaco-vscode-language-pack-pt-br": {
      "version": "5.2.0",
      "resolved": "https://registry.npmjs.org/@codingame/monaco-vscode-language-pack-pt-br/-/monaco-vscode-language-pack-pt-br-5.2.0.tgz",
      "integrity": "sha512-KvdB7Y4QK93MUlnq7fgocRW8Lz+NfPPEKFtgHszH51EfEUWjJlyN7fjW7TB8fDNmgCcOU9dBPGkjPPiSZKNs7w==",
      "dependencies": {
        "vscode": "npm:@codingame/monaco-vscode-api@5.2.0"
      }
    },
    "node_modules/@codingame/monaco-vscode-language-pack-qps-ploc": {
      "version": "5.2.0",
      "resolved": "https://registry.npmjs.org/@codingame/monaco-vscode-language-pack-qps-ploc/-/monaco-vscode-language-pack-qps-ploc-5.2.0.tgz",
      "integrity": "sha512-bVqS6GLIlF95TxiFZRURZNkYpOkfSP8aiSBYuSWV7NJo/KaH7HELJ3750cwvr2zoyQMMm41tv1cd2QJae3ww+Q==",
      "dependencies": {
        "vscode": "npm:@codingame/monaco-vscode-api@5.2.0"
      }
    },
    "node_modules/@codingame/monaco-vscode-language-pack-ru": {
      "version": "5.2.0",
      "resolved": "https://registry.npmjs.org/@codingame/monaco-vscode-language-pack-ru/-/monaco-vscode-language-pack-ru-5.2.0.tgz",
      "integrity": "sha512-tm/V2thaEE69AHNfQaewK4L5P5LnRTiGrAx03La65AjCdA9J24NZMFohirFGUZc/DBdCJb1yYs8/i0metPvSOQ==",
      "dependencies": {
        "vscode": "npm:@codingame/monaco-vscode-api@5.2.0"
      }
    },
    "node_modules/@codingame/monaco-vscode-language-pack-tr": {
      "version": "5.2.0",
      "resolved": "https://registry.npmjs.org/@codingame/monaco-vscode-language-pack-tr/-/monaco-vscode-language-pack-tr-5.2.0.tgz",
      "integrity": "sha512-niYLqZSOqouQIAwzDvVUPJm5QxMVt52W7vuq3RSb7PiJtzMfN1ZrQzd5LNN+dKijBFR1Nj9TFSCQ+lZOh8HCYg==",
      "dependencies": {
        "vscode": "npm:@codingame/monaco-vscode-api@5.2.0"
      }
    },
    "node_modules/@codingame/monaco-vscode-language-pack-zh-hans": {
      "version": "5.2.0",
      "resolved": "https://registry.npmjs.org/@codingame/monaco-vscode-language-pack-zh-hans/-/monaco-vscode-language-pack-zh-hans-5.2.0.tgz",
      "integrity": "sha512-rUFURqcvUBGpiT1peA1lEuNkrZIhjTa4+nYIPWAduiEeOtK4t2Dqyq9QaP6ipynC5dTzdbNj409O8AqxXHNh+w==",
      "dependencies": {
        "vscode": "npm:@codingame/monaco-vscode-api@5.2.0"
      }
    },
    "node_modules/@codingame/monaco-vscode-language-pack-zh-hant": {
      "version": "5.2.0",
      "resolved": "https://registry.npmjs.org/@codingame/monaco-vscode-language-pack-zh-hant/-/monaco-vscode-language-pack-zh-hant-5.2.0.tgz",
      "integrity": "sha512-AFkMUalFg0kM2oniXfaOwB5TimeKCYOyBj+uT/wvzTn8YLVsuTJqvkPH7x0kqJby6bl/mtEZGQ10bJTgwCp5Dw==",
      "dependencies": {
        "vscode": "npm:@codingame/monaco-vscode-api@5.2.0"
      }
    },
    "node_modules/@codingame/monaco-vscode-languages-service-override": {
      "version": "5.2.0",
      "resolved": "https://registry.npmjs.org/@codingame/monaco-vscode-languages-service-override/-/monaco-vscode-languages-service-override-5.2.0.tgz",
      "integrity": "sha512-dHFjdPcIRAeX6eDrL4MChHVSIC8pzLh+FZ+9Z19fO48qihLUuV7KA5ROfu6u708t69aOf1YTW6dgluOaSYyC1w==",
      "peer": true,
      "dependencies": {
        "@codingame/monaco-vscode-files-service-override": "5.2.0",
        "vscode": "npm:@codingame/monaco-vscode-api@5.2.0"
      }
    },
    "node_modules/@codingame/monaco-vscode-layout-service-override": {
      "version": "5.2.0",
      "resolved": "https://registry.npmjs.org/@codingame/monaco-vscode-layout-service-override/-/monaco-vscode-layout-service-override-5.2.0.tgz",
      "integrity": "sha512-mejJt1FhK91Ewk8csf4bf6yqZ6ZeG69hp9WCYuUUJM7wwyIjuJ5OqE814jozTzAK/Uv4U5x2IzXGx6v3DRjbOA==",
      "dependencies": {
        "vscode": "npm:@codingame/monaco-vscode-api@5.2.0"
      }
    },
    "node_modules/@codingame/monaco-vscode-localization-service-override": {
      "version": "5.2.0",
      "resolved": "https://registry.npmjs.org/@codingame/monaco-vscode-localization-service-override/-/monaco-vscode-localization-service-override-5.2.0.tgz",
      "integrity": "sha512-Tz6RWycARhKsxHAEZdje3l7LaAU2bUZxzLtA5R3iTHGuBKN0QAH68PNTIKF+sjLeo/UH34IrcvXpb3nBCrLAJQ==",
      "peer": true,
      "dependencies": {
        "vscode": "npm:@codingame/monaco-vscode-api@5.2.0"
      }
    },
    "node_modules/@codingame/monaco-vscode-model-service-override": {
      "version": "5.2.0",
      "resolved": "https://registry.npmjs.org/@codingame/monaco-vscode-model-service-override/-/monaco-vscode-model-service-override-5.2.0.tgz",
      "integrity": "sha512-XRGHIGTUyl2k/N0JZml/9GwIWqXbIA6sGlYmt4oyxszlMzgQ+puCRQl4SPIoo5N6xc43/apR2Jz1wOoMSK1iTA==",
      "peer": true,
      "dependencies": {
        "vscode": "npm:@codingame/monaco-vscode-api@5.2.0"
      }
    },
    "node_modules/@codingame/monaco-vscode-monarch-service-override": {
      "version": "5.2.0",
      "resolved": "https://registry.npmjs.org/@codingame/monaco-vscode-monarch-service-override/-/monaco-vscode-monarch-service-override-5.2.0.tgz",
      "integrity": "sha512-hEXPrOOmqO4hScLzYbuDdR8v2letU361y+XnjO3QkKezgg8JfD3Yax4u7ZIqub0W1Ud25ZWeE+dskCRrBc83Uw==",
      "dependencies": {
        "vscode": "npm:@codingame/monaco-vscode-api@5.2.0"
      }
    },
    "node_modules/@codingame/monaco-vscode-quickaccess-service-override": {
      "version": "5.2.0",
      "resolved": "https://registry.npmjs.org/@codingame/monaco-vscode-quickaccess-service-override/-/monaco-vscode-quickaccess-service-override-5.2.0.tgz",
      "integrity": "sha512-sahgROJ1TV6+pz98pyuTJro5ELnv5sxqvYPIzFbBQukH/Nvf8os+GCO3k9j7GElYjxJQipKsBhL0CDW3XS8fjw==",
      "dependencies": {
        "vscode": "npm:@codingame/monaco-vscode-api@5.2.0"
      }
    },
    "node_modules/@codingame/monaco-vscode-textmate-service-override": {
      "version": "5.2.0",
      "resolved": "https://registry.npmjs.org/@codingame/monaco-vscode-textmate-service-override/-/monaco-vscode-textmate-service-override-5.2.0.tgz",
      "integrity": "sha512-GdjTPZceuMMISJEkYmVGMts6uYrQS4aomemunmlr8HzMn/f6VAuvMF5pTVp8K3YfM2lawoPjhaW+pgq3nlhQoA==",
      "dependencies": {
        "@codingame/monaco-vscode-files-service-override": "5.2.0",
        "vscode": "npm:@codingame/monaco-vscode-api@5.2.0",
        "vscode-oniguruma": "1.7.0",
        "vscode-textmate": "9.0.0"
      }
    },
    "node_modules/@codingame/monaco-vscode-theme-defaults-default-extension": {
      "version": "5.2.0",
      "resolved": "https://registry.npmjs.org/@codingame/monaco-vscode-theme-defaults-default-extension/-/monaco-vscode-theme-defaults-default-extension-5.2.0.tgz",
      "integrity": "sha512-cSaMqFmXAuacRZzA/CUoSeqfiuHbYcQcMCF4FtWpQxI9iquMx5EJJqnu/aGJpbGkbZISBnw10KEk1nrGtzXSLw==",
      "dependencies": {
        "vscode": "npm:@codingame/monaco-vscode-api@5.2.0"
      }
    },
    "node_modules/@codingame/monaco-vscode-theme-service-override": {
      "version": "5.2.0",
      "resolved": "https://registry.npmjs.org/@codingame/monaco-vscode-theme-service-override/-/monaco-vscode-theme-service-override-5.2.0.tgz",
      "integrity": "sha512-7TetFo/PWVGWde9h1ZtDQaNutzkraOp57dXKw72lHGLMsbL3JiUtWskDujr8fhxIu6l9UjzhhATCpjHmuZn1+g==",
      "dependencies": {
        "@codingame/monaco-vscode-files-service-override": "5.2.0",
        "vscode": "npm:@codingame/monaco-vscode-api@5.2.0"
      }
    },
    "node_modules/@esbuild/linux-x64": {
      "version": "0.20.2",
      "resolved": "https://registry.npmjs.org/@esbuild/linux-x64/-/linux-x64-0.20.2.tgz",
      "integrity": "sha512-1MdwI6OOTsfQfek8sLwgyjOXAu+wKhLEoaOLTjbijk6E2WONYpH9ZU2mNtR+lZ2B4uwr+usqGuVfFT9tMtGvGw==",
      "cpu": [
        "x64"
      ],
      "optional": true,
      "os": [
        "linux"
      ],
      "engines": {
        "node": ">=12"
      }
    },
    "node_modules/@leanprover/infoview-api": {
      "version": "0.4.0",
      "resolved": "https://registry.npmjs.org/@leanprover/infoview-api/-/infoview-api-0.4.0.tgz",
      "integrity": "sha512-g9Eo2DGd2m3QsEjMdREUFzfGY1Ya6keLf49hUHEONFfIBAa4/a0CGapPz9uci/0oFnE4yXt//KpmBRfLSYxRzg=="
    },
    "node_modules/@rollup/rollup-linux-x64-gnu": {
      "version": "4.18.0",
      "resolved": "https://registry.npmjs.org/@rollup/rollup-linux-x64-gnu/-/rollup-linux-x64-gnu-4.18.0.tgz",
      "integrity": "sha512-xuglR2rBVHA5UsI8h8UbX4VJ470PtGCf5Vpswh7p2ukaqBGFTnsfzxUBetoWBWymHMxbIG0Cmx7Y9qDZzr648w==",
      "cpu": [
        "x64"
      ],
      "dev": true,
      "optional": true,
      "os": [
        "linux"
      ]
    },
    "node_modules/@types/estree": {
      "version": "1.0.5",
      "resolved": "https://registry.npmjs.org/@types/estree/-/estree-1.0.5.tgz",
      "integrity": "sha512-/kYRxGDLWzHOB7q+wtSUQlFrtcdUccpfy+X+9iMBpHK8QLLhx2wIPYuS5DYtR9Wa/YlZAbIovy7qVdB1Aq6Lyw==",
      "dev": true
    },
    "node_modules/@types/node": {
      "version": "20.14.2",
      "resolved": "https://registry.npmjs.org/@types/node/-/node-20.14.2.tgz",
      "integrity": "sha512-xyu6WAMVwv6AKFLB+e/7ySZVr/0zLCzOa7rSpq6jNwpqOrUbcACDWC+53d4n2QHOnDou0fbIsg8wZu/sxrnI4Q==",
      "dev": true,
      "dependencies": {
        "undici-types": "~5.26.4"
      }
    },
    "node_modules/@types/vscode": {
      "version": "1.90.0",
      "resolved": "https://registry.npmjs.org/@types/vscode/-/vscode-1.90.0.tgz",
      "integrity": "sha512-oT+ZJL7qHS9Z8bs0+WKf/kQ27qWYR3trsXpq46YDjFqBsMLG4ygGGjPaJ2tyrH0wJzjOEmDyg9PDJBBhWg9pkQ==",
      "dev": true
    },
    "node_modules/@vscode/iconv-lite-umd": {
      "version": "0.7.0",
      "resolved": "https://registry.npmjs.org/@vscode/iconv-lite-umd/-/iconv-lite-umd-0.7.0.tgz",
      "integrity": "sha512-bRRFxLfg5dtAyl5XyiVWz/ZBPahpOpPrNYnnHpOpUZvam4tKH35wdhP4Kj6PbM0+KdliOsPzbGWpkxcdpNB/sg=="
    },
    "node_modules/asynckit": {
      "version": "0.4.0",
      "resolved": "https://registry.npmjs.org/asynckit/-/asynckit-0.4.0.tgz",
      "integrity": "sha512-Oei9OH4tRh0YqU3GxhX79dM/mwVgvbZJaSNaRk+bshkj0S5cfHcgYakreBjrHwatXKbz+IoIdYLxrKim2MjW0Q=="
    },
    "node_modules/axios": {
      "version": "1.7.2",
      "resolved": "https://registry.npmjs.org/axios/-/axios-1.7.2.tgz",
      "integrity": "sha512-2A8QhOMrbomlDuiLeK9XibIBzuHeRcqqNOHp0Cyp5EoJ1IFDh+XZH3A6BkXtv0K4gFGCI0Y4BM7B1wOEi0Rmgw==",
      "dependencies": {
        "follow-redirects": "^1.15.6",
        "form-data": "^4.0.0",
        "proxy-from-env": "^1.1.0"
      }
    },
    "node_modules/balanced-match": {
      "version": "1.0.2",
      "resolved": "https://registry.npmjs.org/balanced-match/-/balanced-match-1.0.2.tgz",
      "integrity": "sha512-3oSeUO0TMV67hN1AmbXsK4yaqU7tjiHlbxRDZOpH0KW9+CeX4bRAaX0Anxt0tx2MrpRpWwQaPwIlISEJhYU5Pw=="
    },
    "node_modules/boolbase": {
      "version": "1.0.0",
      "resolved": "https://registry.npmjs.org/boolbase/-/boolbase-1.0.0.tgz",
      "integrity": "sha512-JZOSA7Mo9sNGB8+UjSgzdLtokWAky1zbztM3WRLCbZ70/3cTANmQmOdR7y2g+J0e2WXywy1yS468tY+IruqEww=="
    },
    "node_modules/brace-expansion": {
      "version": "2.0.1",
      "resolved": "https://registry.npmjs.org/brace-expansion/-/brace-expansion-2.0.1.tgz",
      "integrity": "sha512-XnAIvQ8eM+kC6aULx6wuQiwVsnzsi9d3WxzV3FpWTGA19F621kwdbsAcFKXgKUHZWsy+mY6iL1sHTxWEFCytDA==",
      "dependencies": {
        "balanced-match": "^1.0.0"
      }
    },
    "node_modules/cheerio": {
      "version": "1.0.0-rc.12",
      "resolved": "https://registry.npmjs.org/cheerio/-/cheerio-1.0.0-rc.12.tgz",
      "integrity": "sha512-VqR8m68vM46BNnuZ5NtnGBKIE/DfN0cRIzg9n40EIq9NOv90ayxLBXA8fXC5gquFRGJSTRqBq25Jt2ECLR431Q==",
      "dependencies": {
        "cheerio-select": "^2.1.0",
        "dom-serializer": "^2.0.0",
        "domhandler": "^5.0.3",
        "domutils": "^3.0.1",
        "htmlparser2": "^8.0.1",
        "parse5": "^7.0.0",
        "parse5-htmlparser2-tree-adapter": "^7.0.0"
      },
      "engines": {
        "node": ">= 6"
      },
      "funding": {
        "url": "https://github.com/cheeriojs/cheerio?sponsor=1"
      }
    },
    "node_modules/cheerio-select": {
      "version": "2.1.0",
      "resolved": "https://registry.npmjs.org/cheerio-select/-/cheerio-select-2.1.0.tgz",
      "integrity": "sha512-9v9kG0LvzrlcungtnJtpGNxY+fzECQKhK4EGJX2vByejiMX84MFNQw4UxPJl3bFbTMw+Dfs37XaIkCwTZfLh4g==",
      "dependencies": {
        "boolbase": "^1.0.0",
        "css-select": "^5.1.0",
        "css-what": "^6.1.0",
        "domelementtype": "^2.3.0",
        "domhandler": "^5.0.3",
        "domutils": "^3.0.1"
      },
      "funding": {
        "url": "https://github.com/sponsors/fb55"
      }
    },
    "node_modules/combined-stream": {
      "version": "1.0.8",
      "resolved": "https://registry.npmjs.org/combined-stream/-/combined-stream-1.0.8.tgz",
      "integrity": "sha512-FQN4MRfuJeHf7cBbBMJFXhKSDq+2kAArBlmRBvcvFE5BB1HZKXtSFASDhdlz9zOYwxh8lDdnvmMOe/+5cdoEdg==",
      "dependencies": {
        "delayed-stream": "~1.0.0"
      },
      "engines": {
        "node": ">= 0.8"
      }
    },
    "node_modules/css-select": {
      "version": "5.1.0",
      "resolved": "https://registry.npmjs.org/css-select/-/css-select-5.1.0.tgz",
      "integrity": "sha512-nwoRF1rvRRnnCqqY7updORDsuqKzqYJ28+oSMaJMMgOauh3fvwHqMS7EZpIPqK8GL+g9mKxF1vP/ZjSeNjEVHg==",
      "dependencies": {
        "boolbase": "^1.0.0",
        "css-what": "^6.1.0",
        "domhandler": "^5.0.2",
        "domutils": "^3.0.1",
        "nth-check": "^2.0.1"
      },
      "funding": {
        "url": "https://github.com/sponsors/fb55"
      }
    },
    "node_modules/css-what": {
      "version": "6.1.0",
      "resolved": "https://registry.npmjs.org/css-what/-/css-what-6.1.0.tgz",
      "integrity": "sha512-HTUrgRJ7r4dsZKU6GjmpfRK1O76h97Z8MfS1G0FozR+oF2kG6Vfe8JE6zwrkbxigziPHinCJ+gCPjA9EaBDtRw==",
      "engines": {
        "node": ">= 6"
      },
      "funding": {
        "url": "https://github.com/sponsors/fb55"
      }
    },
    "node_modules/delayed-stream": {
      "version": "1.0.0",
      "resolved": "https://registry.npmjs.org/delayed-stream/-/delayed-stream-1.0.0.tgz",
      "integrity": "sha512-ZySD7Nf91aLB0RxL4KGrKHBXl7Eds1DAmEdcoVawXnLD7SDhpNgtuII2aAkg7a7QS41jxPSZ17p4VdGnMHk3MQ==",
      "engines": {
        "node": ">=0.4.0"
      }
    },
    "node_modules/dom-serializer": {
      "version": "2.0.0",
      "resolved": "https://registry.npmjs.org/dom-serializer/-/dom-serializer-2.0.0.tgz",
      "integrity": "sha512-wIkAryiqt/nV5EQKqQpo3SToSOV9J0DnbJqwK7Wv/Trc92zIAYZ4FlMu+JPFW1DfGFt81ZTCGgDEabffXeLyJg==",
      "dependencies": {
        "domelementtype": "^2.3.0",
        "domhandler": "^5.0.2",
        "entities": "^4.2.0"
      },
      "funding": {
        "url": "https://github.com/cheeriojs/dom-serializer?sponsor=1"
      }
    },
    "node_modules/domelementtype": {
      "version": "2.3.0",
      "resolved": "https://registry.npmjs.org/domelementtype/-/domelementtype-2.3.0.tgz",
      "integrity": "sha512-OLETBj6w0OsagBwdXnPdN0cnMfF9opN69co+7ZrbfPGrdpPVNBUj02spi6B1N7wChLQiPn4CSH/zJvXw56gmHw==",
      "funding": [
        {
          "type": "github",
          "url": "https://github.com/sponsors/fb55"
        }
      ]
    },
    "node_modules/domhandler": {
      "version": "5.0.3",
      "resolved": "https://registry.npmjs.org/domhandler/-/domhandler-5.0.3.tgz",
      "integrity": "sha512-cgwlv/1iFQiFnU96XXgROh8xTeetsnJiDsTc7TYCLFd9+/WNkIqPTxiM/8pSd8VIrhXGTf1Ny1q1hquVqDJB5w==",
      "dependencies": {
        "domelementtype": "^2.3.0"
      },
      "engines": {
        "node": ">= 4"
      },
      "funding": {
        "url": "https://github.com/fb55/domhandler?sponsor=1"
      }
    },
    "node_modules/domutils": {
      "version": "3.1.0",
      "resolved": "https://registry.npmjs.org/domutils/-/domutils-3.1.0.tgz",
      "integrity": "sha512-H78uMmQtI2AhgDJjWeQmHwJJ2bLPD3GMmO7Zja/ZZh84wkm+4ut+IUnUdRa8uCGX88DiVx1j6FRe1XfxEgjEZA==",
      "dependencies": {
        "dom-serializer": "^2.0.0",
        "domelementtype": "^2.3.0",
        "domhandler": "^5.0.3"
      },
      "funding": {
        "url": "https://github.com/fb55/domutils?sponsor=1"
      }
    },
    "node_modules/entities": {
      "version": "4.5.0",
      "resolved": "https://registry.npmjs.org/entities/-/entities-4.5.0.tgz",
      "integrity": "sha512-V0hjH4dGPh9Ao5p0MoRY6BVqtwCjhz6vI5LT8AJ55H+4g9/4vbHx1I54fS0XuclLhDHArPQCiMjDxjaL8fPxhw==",
      "engines": {
        "node": ">=0.12"
      },
      "funding": {
        "url": "https://github.com/fb55/entities?sponsor=1"
      }
    },
    "node_modules/esbuild": {
      "version": "0.20.2",
      "resolved": "https://registry.npmjs.org/esbuild/-/esbuild-0.20.2.tgz",
      "integrity": "sha512-WdOOppmUNU+IbZ0PaDiTst80zjnrOkyJNHoKupIcVyU8Lvla3Ugx94VzkQ32Ijqd7UhHJy75gNWDMUekcrSJ6g==",
      "hasInstallScript": true,
      "bin": {
        "esbuild": "bin/esbuild"
      },
      "engines": {
        "node": ">=12"
      },
      "optionalDependencies": {
        "@esbuild/aix-ppc64": "0.20.2",
        "@esbuild/android-arm": "0.20.2",
        "@esbuild/android-arm64": "0.20.2",
        "@esbuild/android-x64": "0.20.2",
        "@esbuild/darwin-arm64": "0.20.2",
        "@esbuild/darwin-x64": "0.20.2",
        "@esbuild/freebsd-arm64": "0.20.2",
        "@esbuild/freebsd-x64": "0.20.2",
        "@esbuild/linux-arm": "0.20.2",
        "@esbuild/linux-arm64": "0.20.2",
        "@esbuild/linux-ia32": "0.20.2",
        "@esbuild/linux-loong64": "0.20.2",
        "@esbuild/linux-mips64el": "0.20.2",
        "@esbuild/linux-ppc64": "0.20.2",
        "@esbuild/linux-riscv64": "0.20.2",
        "@esbuild/linux-s390x": "0.20.2",
        "@esbuild/linux-x64": "0.20.2",
        "@esbuild/netbsd-x64": "0.20.2",
        "@esbuild/openbsd-x64": "0.20.2",
        "@esbuild/sunos-x64": "0.20.2",
        "@esbuild/win32-arm64": "0.20.2",
        "@esbuild/win32-ia32": "0.20.2",
        "@esbuild/win32-x64": "0.20.2"
      }
    },
    "node_modules/follow-redirects": {
      "version": "1.15.6",
      "resolved": "https://registry.npmjs.org/follow-redirects/-/follow-redirects-1.15.6.tgz",
      "integrity": "sha512-wWN62YITEaOpSK584EZXJafH1AGpO8RVgElfkuXbTOrPX4fIfOyEpW/CsiNd8JdYrAoOvafRTOEnvsO++qCqFA==",
      "funding": [
        {
          "type": "individual",
          "url": "https://github.com/sponsors/RubenVerborgh"
        }
      ],
      "engines": {
        "node": ">=4.0"
      },
      "peerDependenciesMeta": {
        "debug": {
          "optional": true
        }
      }
    },
    "node_modules/form-data": {
      "version": "4.0.0",
      "resolved": "https://registry.npmjs.org/form-data/-/form-data-4.0.0.tgz",
      "integrity": "sha512-ETEklSGi5t0QMZuiXoA/Q6vcnxcLQP5vdugSpuAyi6SVGi2clPPp+xgEhuMaHC+zGgn31Kd235W35f7Hykkaww==",
      "dependencies": {
        "asynckit": "^0.4.0",
        "combined-stream": "^1.0.8",
        "mime-types": "^2.1.12"
      },
      "engines": {
        "node": ">= 6"
      }
    },
    "node_modules/htmlparser2": {
      "version": "8.0.2",
      "resolved": "https://registry.npmjs.org/htmlparser2/-/htmlparser2-8.0.2.tgz",
      "integrity": "sha512-GYdjWKDkbRLkZ5geuHs5NY1puJ+PXwP7+fHPRz06Eirsb9ugf6d8kkXav6ADhcODhFFPMIXyxkxSuMf3D6NCFA==",
      "funding": [
        "https://github.com/fb55/htmlparser2?sponsor=1",
        {
          "type": "github",
          "url": "https://github.com/sponsors/fb55"
        }
      ],
      "dependencies": {
        "domelementtype": "^2.3.0",
        "domhandler": "^5.0.3",
        "domutils": "^3.0.1",
        "entities": "^4.4.0"
      }
    },
    "node_modules/import-meta-resolve": {
      "version": "4.1.0",
      "resolved": "https://registry.npmjs.org/import-meta-resolve/-/import-meta-resolve-4.1.0.tgz",
      "integrity": "sha512-I6fiaX09Xivtk+THaMfAwnA3MVA5Big1WHF1Dfx9hFuvNIWpXnorlkzhcQf6ehrqQiiZECRt1poOAkPmer3ruw==",
      "funding": {
        "type": "github",
        "url": "https://github.com/sponsors/wooorm"
      }
    },
    "node_modules/jschardet": {
      "version": "3.0.0",
      "resolved": "https://registry.npmjs.org/jschardet/-/jschardet-3.0.0.tgz",
      "integrity": "sha512-lJH6tJ77V8Nzd5QWRkFYCLc13a3vADkh3r/Fi8HupZGWk2OVVDfnZP8V/VgQgZ+lzW0kG2UGb5hFgt3V3ndotQ==",
      "engines": {
        "node": ">=0.1.90"
      }
    },
    "node_modules/mime-db": {
      "version": "1.52.0",
      "resolved": "https://registry.npmjs.org/mime-db/-/mime-db-1.52.0.tgz",
      "integrity": "sha512-sPU4uV7dYlvtWJxwwxHD0PuihVNiE7TyAbQ5SWxDCB9mUYvOgroQOwYQQOKPJ8CIbE+1ETVlOoK1UC2nU3gYvg==",
      "engines": {
        "node": ">= 0.6"
      }
    },
    "node_modules/mime-types": {
      "version": "2.1.35",
      "resolved": "https://registry.npmjs.org/mime-types/-/mime-types-2.1.35.tgz",
      "integrity": "sha512-ZDY+bPm5zTTF+YpCrAU9nK0UgICYPT0QtT1NZWFv4s++TNkcgVaT0g6+4R2uI4MjQjzysHB1zxuWL50hzaeXiw==",
      "dependencies": {
        "mime-db": "1.52.0"
      },
      "engines": {
        "node": ">= 0.6"
      }
    },
    "node_modules/minimatch": {
      "version": "5.1.6",
      "resolved": "https://registry.npmjs.org/minimatch/-/minimatch-5.1.6.tgz",
      "integrity": "sha512-lKwV/1brpG6mBUFHtb7NUmtABCb2WZZmm2wNiOA5hAb8VdCS4B3dtMWyvcoViccwAW/COERjXLt0zP1zXUN26g==",
      "dependencies": {
        "brace-expansion": "^2.0.1"
      },
      "engines": {
        "node": ">=10"
      }
    },
    "node_modules/mobx": {
      "version": "5.15.7",
      "resolved": "https://registry.npmjs.org/mobx/-/mobx-5.15.7.tgz",
      "integrity": "sha512-wyM3FghTkhmC+hQjyPGGFdpehrcX1KOXsDuERhfK2YbJemkUhEB+6wzEN639T21onxlfYBmriA1PFnvxTUhcKw==",
      "funding": {
        "type": "opencollective",
        "url": "https://opencollective.com/mobx"
      }
    },
    "node_modules/monaco-editor": {
      "name": "@codingame/monaco-vscode-editor-api",
      "version": "5.2.0",
      "resolved": "https://registry.npmjs.org/@codingame/monaco-vscode-editor-api/-/monaco-vscode-editor-api-5.2.0.tgz",
      "integrity": "sha512-7jePXQN2ZhKg1U2QXM3Jt71BSa5dE8NCneGx2CkmFgBntMXE5OWSD7dJwtQ6B6lpJ/vHkDW0bH4QtANOZYKZxA==",
      "dependencies": {
        "vscode": "npm:@codingame/monaco-vscode-api@5.2.0"
      }
    },
    "node_modules/monaco-editor-wrapper": {
      "version": "5.2.0",
      "resolved": "https://registry.npmjs.org/monaco-editor-wrapper/-/monaco-editor-wrapper-5.2.0.tgz",
      "integrity": "sha512-LQH6NA2W9hHjt2IB61B4B8PTxtt1x799Pg4tii0Heo1BUqS/Rhi439pBIBLdF7MXdM6stXgjKmJ2LLidI/DyAg==",
      "dependencies": {
        "@codingame/monaco-vscode-configuration-service-override": "~5.2.0",
        "@codingame/monaco-vscode-editor-service-override": "~5.2.0",
        "@codingame/monaco-vscode-language-pack-cs": "~5.2.0",
        "@codingame/monaco-vscode-language-pack-de": "~5.2.0",
        "@codingame/monaco-vscode-language-pack-es": "~5.2.0",
        "@codingame/monaco-vscode-language-pack-fr": "~5.2.0",
        "@codingame/monaco-vscode-language-pack-it": "~5.2.0",
        "@codingame/monaco-vscode-language-pack-ja": "~5.2.0",
        "@codingame/monaco-vscode-language-pack-ko": "~5.2.0",
        "@codingame/monaco-vscode-language-pack-pl": "~5.2.0",
        "@codingame/monaco-vscode-language-pack-pt-br": "~5.2.0",
        "@codingame/monaco-vscode-language-pack-qps-ploc": "~5.2.0",
        "@codingame/monaco-vscode-language-pack-ru": "~5.2.0",
        "@codingame/monaco-vscode-language-pack-tr": "~5.2.0",
        "@codingame/monaco-vscode-language-pack-zh-hans": "~5.2.0",
        "@codingame/monaco-vscode-language-pack-zh-hant": "~5.2.0",
        "@codingame/monaco-vscode-monarch-service-override": "~5.2.0",
        "@codingame/monaco-vscode-textmate-service-override": "~5.2.0",
        "@codingame/monaco-vscode-theme-defaults-default-extension": "~5.2.0",
        "@codingame/monaco-vscode-theme-service-override": "~5.2.0",
        "monaco-editor": "npm:@codingame/monaco-vscode-editor-api@~5.2.0",
        "vscode": "npm:@codingame/monaco-vscode-api@~5.2.0",
        "vscode-languageclient": "~9.0.1",
        "vscode-languageserver-protocol": "~3.17.5",
        "vscode-ws-jsonrpc": "~3.3.2"
      },
      "peerDependencies": {
        "monaco-editor": "npm:@codingame/monaco-vscode-editor-api@~5.2.0",
        "monaco-languageclient": "~8.5.0",
        "vscode": "npm:@codingame/monaco-vscode-api@~5.2.0"
      },
      "peerDependenciesMeta": {
        "monaco-editor": {
          "optional": false
        },
        "monaco-languageclient": {
          "optional": false
        },
        "vscode": {
          "optional": false
        }
      }
    },
    "node_modules/monaco-languageclient": {
      "version": "8.5.0",
      "resolved": "https://registry.npmjs.org/monaco-languageclient/-/monaco-languageclient-8.5.0.tgz",
      "integrity": "sha512-z+vQp/YpK0pUqNOWhNQzGqBS4i0IfnnEQFUXIMr17Beeg6Yz9To8q59bKnLb9LRlVkmHsKOkLk4N6t8zgQeqng==",
      "peer": true,
      "dependencies": {
        "@codingame/monaco-vscode-extensions-service-override": "~5.2.0",
        "@codingame/monaco-vscode-languages-service-override": "~5.2.0",
        "@codingame/monaco-vscode-localization-service-override": "~5.2.0",
        "@codingame/monaco-vscode-model-service-override": "~5.2.0",
        "monaco-editor": "npm:@codingame/monaco-vscode-editor-api@~5.2.0",
        "vscode": "npm:@codingame/monaco-vscode-api@~5.2.0",
        "vscode-languageclient": "~9.0.1"
      },
      "engines": {
        "node": ">=16.11.0",
        "npm": ">=9.0.0"
      },
      "peerDependencies": {
        "monaco-editor": "npm:@codingame/monaco-vscode-editor-api@~5.2.0",
        "vscode": "npm:@codingame/monaco-vscode-api@~5.2.0"
      },
      "peerDependenciesMeta": {
        "monaco-editor": {
          "optional": false
        },
        "vscode": {
          "optional": false
        }
      }
    },
    "node_modules/nanoid": {
      "version": "3.3.7",
      "resolved": "https://registry.npmjs.org/nanoid/-/nanoid-3.3.7.tgz",
      "integrity": "sha512-eSRppjcPIatRIMC1U6UngP8XFcz8MQWGQdt1MTBQ7NaAmvXDfvNxbvWV3x2y6CdEUciCSsDHDQZbhYaB8QEo2g==",
      "dev": true,
      "funding": [
        {
          "type": "github",
          "url": "https://github.com/sponsors/ai"
        }
      ],
      "bin": {
        "nanoid": "bin/nanoid.cjs"
      },
      "engines": {
        "node": "^10 || ^12 || ^13.7 || ^14 || >=15.0.1"
      }
    },
    "node_modules/nth-check": {
      "version": "2.1.1",
      "resolved": "https://registry.npmjs.org/nth-check/-/nth-check-2.1.1.tgz",
      "integrity": "sha512-lqjrjmaOoAnWfMmBPL+XNnynZh2+swxiX3WUE0s4yEHI6m+AwrK2UZOimIRl3X/4QctVqS8AiZjFqyOGrMXb/w==",
      "dependencies": {
        "boolbase": "^1.0.0"
      },
      "funding": {
        "url": "https://github.com/fb55/nth-check?sponsor=1"
      }
    },
    "node_modules/parse5": {
      "version": "7.1.2",
      "resolved": "https://registry.npmjs.org/parse5/-/parse5-7.1.2.tgz",
      "integrity": "sha512-Czj1WaSVpaoj0wbhMzLmWD69anp2WH7FXMB9n1Sy8/ZFF9jolSQVMu1Ij5WIyGmcBmhk7EOndpO4mIpihVqAXw==",
      "dependencies": {
        "entities": "^4.4.0"
      },
      "funding": {
        "url": "https://github.com/inikulin/parse5?sponsor=1"
      }
    },
    "node_modules/parse5-htmlparser2-tree-adapter": {
      "version": "7.0.0",
      "resolved": "https://registry.npmjs.org/parse5-htmlparser2-tree-adapter/-/parse5-htmlparser2-tree-adapter-7.0.0.tgz",
      "integrity": "sha512-B77tOZrqqfUfnVcOrUvfdLbz4pu4RopLD/4vmu3HUPswwTA8OH0EMW9BlWR2B0RCoiZRAHEUu7IxeP1Pd1UU+g==",
      "dependencies": {
        "domhandler": "^5.0.2",
        "parse5": "^7.0.0"
      },
      "funding": {
        "url": "https://github.com/inikulin/parse5?sponsor=1"
      }
    },
    "node_modules/picocolors": {
      "version": "1.0.1",
      "resolved": "https://registry.npmjs.org/picocolors/-/picocolors-1.0.1.tgz",
      "integrity": "sha512-anP1Z8qwhkbmu7MFP5iTt+wQKXgwzf7zTyGlcdzabySa9vd0Xt392U0rVmz9poOaBj0uHJKyyo9/upk0HrEQew==",
      "dev": true
    },
    "node_modules/postcss": {
      "version": "8.4.38",
      "resolved": "https://registry.npmjs.org/postcss/-/postcss-8.4.38.tgz",
      "integrity": "sha512-Wglpdk03BSfXkHoQa3b/oulrotAkwrlLDRSOb9D0bN86FdRyE9lppSp33aHNPgBa0JKCoB+drFLZkQoRRYae5A==",
      "dev": true,
      "funding": [
        {
          "type": "opencollective",
          "url": "https://opencollective.com/postcss/"
        },
        {
          "type": "tidelift",
          "url": "https://tidelift.com/funding/github/npm/postcss"
        },
        {
          "type": "github",
          "url": "https://github.com/sponsors/ai"
        }
      ],
      "dependencies": {
        "nanoid": "^3.3.7",
        "picocolors": "^1.0.0",
        "source-map-js": "^1.2.0"
      },
      "engines": {
        "node": "^10 || ^12 || >=14"
      }
    },
    "node_modules/proxy-from-env": {
      "version": "1.1.0",
      "resolved": "https://registry.npmjs.org/proxy-from-env/-/proxy-from-env-1.1.0.tgz",
      "integrity": "sha512-D+zkORCbA9f1tdWRK0RaCR3GPv50cMxcrz4X8k5LTSUD1Dkw47mKJEZQNunItRTkWwgtaUSo1RVFRIG9ZXiFYg=="
    },
    "node_modules/rollup": {
      "version": "4.18.0",
      "resolved": "https://registry.npmjs.org/rollup/-/rollup-4.18.0.tgz",
      "integrity": "sha512-QmJz14PX3rzbJCN1SG4Xe/bAAX2a6NpCP8ab2vfu2GiUr8AQcr2nCV/oEO3yneFarB67zk8ShlIyWb2LGTb3Sg==",
      "dev": true,
      "dependencies": {
        "@types/estree": "1.0.5"
      },
      "bin": {
        "rollup": "dist/bin/rollup"
      },
      "engines": {
        "node": ">=18.0.0",
        "npm": ">=8.0.0"
      },
      "optionalDependencies": {
        "@rollup/rollup-android-arm-eabi": "4.18.0",
        "@rollup/rollup-android-arm64": "4.18.0",
        "@rollup/rollup-darwin-arm64": "4.18.0",
        "@rollup/rollup-darwin-x64": "4.18.0",
        "@rollup/rollup-linux-arm-gnueabihf": "4.18.0",
        "@rollup/rollup-linux-arm-musleabihf": "4.18.0",
        "@rollup/rollup-linux-arm64-gnu": "4.18.0",
        "@rollup/rollup-linux-arm64-musl": "4.18.0",
        "@rollup/rollup-linux-powerpc64le-gnu": "4.18.0",
        "@rollup/rollup-linux-riscv64-gnu": "4.18.0",
        "@rollup/rollup-linux-s390x-gnu": "4.18.0",
        "@rollup/rollup-linux-x64-gnu": "4.18.0",
        "@rollup/rollup-linux-x64-musl": "4.18.0",
        "@rollup/rollup-win32-arm64-msvc": "4.18.0",
        "@rollup/rollup-win32-ia32-msvc": "4.18.0",
        "@rollup/rollup-win32-x64-msvc": "4.18.0",
        "fsevents": "~2.3.2"
      }
    },
    "node_modules/semver": {
      "version": "7.6.2",
      "resolved": "https://registry.npmjs.org/semver/-/semver-7.6.2.tgz",
      "integrity": "sha512-FNAIBWCx9qcRhoHcgcJ0gvU7SN1lYU2ZXuSfl04bSC5OpvDHFyJCjdNHomPXxjQlCBU67YW64PzY7/VIEH7F2w==",
      "bin": {
        "semver": "bin/semver.js"
      },
      "engines": {
        "node": ">=10"
      }
    },
    "node_modules/source-map-js": {
      "version": "1.2.0",
      "resolved": "https://registry.npmjs.org/source-map-js/-/source-map-js-1.2.0.tgz",
      "integrity": "sha512-itJW8lvSA0TXEphiRoawsCksnlf8SyvmFzIhltqAHluXd88pkCd+cXJVHTDwdCr0IzwptSm035IHQktUu1QUMg==",
      "dev": true,
      "engines": {
        "node": ">=0.10.0"
      }
    },
    "node_modules/typescript": {
      "version": "5.4.5",
      "resolved": "https://registry.npmjs.org/typescript/-/typescript-5.4.5.tgz",
      "integrity": "sha512-vcI4UpRgg81oIRUFwR0WSIHKt11nJ7SAVlYNIu+QpqeyXP+gpQJy/Z4+F0aGxSE4MqwjyXvW/TzgkLAx2AGHwQ==",
      "dev": true,
      "bin": {
        "tsc": "bin/tsc",
        "tsserver": "bin/tsserver"
      },
      "engines": {
        "node": ">=14.17"
      }
    },
    "node_modules/undici-types": {
      "version": "5.26.5",
      "resolved": "https://registry.npmjs.org/undici-types/-/undici-types-5.26.5.tgz",
      "integrity": "sha512-JlCMO+ehdEIKqlFxk6IfVoAUVmgz7cU7zD/h9XZ0qzeosSHmUJVOzSQvvYSYWXkFXC+IfLKSIffhv0sVZup6pA==",
      "dev": true
    },
    "node_modules/vite": {
      "version": "5.2.13",
      "resolved": "https://registry.npmjs.org/vite/-/vite-5.2.13.tgz",
      "integrity": "sha512-SSq1noJfY9pR3I1TUENL3rQYDQCFqgD+lM6fTRAM8Nv6Lsg5hDLaXkjETVeBt+7vZBCMoibD+6IWnT2mJ+Zb/A==",
      "dev": true,
      "dependencies": {
        "esbuild": "^0.20.1",
        "postcss": "^8.4.38",
        "rollup": "^4.13.0"
      },
      "bin": {
        "vite": "bin/vite.js"
      },
      "engines": {
        "node": "^18.0.0 || >=20.0.0"
      },
      "funding": {
        "url": "https://github.com/vitejs/vite?sponsor=1"
      },
      "optionalDependencies": {
        "fsevents": "~2.3.3"
      },
      "peerDependencies": {
        "@types/node": "^18.0.0 || >=20.0.0",
        "less": "*",
        "lightningcss": "^1.21.0",
        "sass": "*",
        "stylus": "*",
        "sugarss": "*",
        "terser": "^5.4.0"
      },
      "peerDependenciesMeta": {
        "@types/node": {
          "optional": true
        },
        "less": {
          "optional": true
        },
        "lightningcss": {
          "optional": true
        },
        "sass": {
          "optional": true
        },
        "stylus": {
          "optional": true
        },
        "sugarss": {
          "optional": true
        },
        "terser": {
          "optional": true
        }
      }
    },
    "node_modules/vscode": {
      "name": "@codingame/monaco-vscode-api",
      "version": "5.2.0",
      "resolved": "https://registry.npmjs.org/@codingame/monaco-vscode-api/-/monaco-vscode-api-5.2.0.tgz",
      "integrity": "sha512-BUQRd+CDqfCy6ybXIZVFEqmo7S2we8kBhgPZlSUpDKW1uH6SYoWVtdd1EisgjtSHMbk2F0UgHhttjWrGhgflPQ==",
      "dependencies": {
        "@codingame/monaco-vscode-base-service-override": "5.2.0",
        "@codingame/monaco-vscode-environment-service-override": "5.2.0",
        "@codingame/monaco-vscode-extensions-service-override": "5.2.0",
        "@codingame/monaco-vscode-files-service-override": "5.2.0",
        "@codingame/monaco-vscode-host-service-override": "5.2.0",
        "@codingame/monaco-vscode-layout-service-override": "5.2.0",
        "@codingame/monaco-vscode-quickaccess-service-override": "5.2.0",
        "@vscode/iconv-lite-umd": "0.7.0",
        "jschardet": "3.0.0"
      }
    },
    "node_modules/vscode-jsonrpc": {
      "version": "8.2.0",
      "resolved": "https://registry.npmjs.org/vscode-jsonrpc/-/vscode-jsonrpc-8.2.0.tgz",
      "integrity": "sha512-C+r0eKJUIfiDIfwJhria30+TYWPtuHJXHtI7J0YlOmKAo7ogxP20T0zxB7HZQIFhIyvoBPwWskjxrvAtfjyZfA==",
      "engines": {
        "node": ">=14.0.0"
      }
    },
    "node_modules/vscode-languageclient": {
      "version": "9.0.1",
      "resolved": "https://registry.npmjs.org/vscode-languageclient/-/vscode-languageclient-9.0.1.tgz",
      "integrity": "sha512-JZiimVdvimEuHh5olxhxkht09m3JzUGwggb5eRUkzzJhZ2KjCN0nh55VfiED9oez9DyF8/fz1g1iBV3h+0Z2EA==",
      "dependencies": {
        "minimatch": "^5.1.0",
        "semver": "^7.3.7",
        "vscode-languageserver-protocol": "3.17.5"
      },
      "engines": {
        "vscode": "^1.82.0"
      }
    },
    "node_modules/vscode-languageserver-protocol": {
      "version": "3.17.5",
      "resolved": "https://registry.npmjs.org/vscode-languageserver-protocol/-/vscode-languageserver-protocol-3.17.5.tgz",
      "integrity": "sha512-mb1bvRJN8SVznADSGWM9u/b07H7Ecg0I3OgXDuLdn307rl/J3A9YD6/eYOssqhecL27hK1IPZAsaqh00i/Jljg==",
      "dependencies": {
        "vscode-jsonrpc": "8.2.0",
        "vscode-languageserver-types": "3.17.5"
      }
    },
    "node_modules/vscode-languageserver-types": {
      "version": "3.17.5",
      "resolved": "https://registry.npmjs.org/vscode-languageserver-types/-/vscode-languageserver-types-3.17.5.tgz",
      "integrity": "sha512-Ld1VelNuX9pdF39h2Hgaeb5hEZM2Z3jUrrMgWQAu82jMtZp7p3vJT3BzToKtZI7NgQssZje5o0zryOrhQvzQAg=="
    },
    "node_modules/vscode-oniguruma": {
      "version": "1.7.0",
      "resolved": "https://registry.npmjs.org/vscode-oniguruma/-/vscode-oniguruma-1.7.0.tgz",
      "integrity": "sha512-L9WMGRfrjOhgHSdOYgCt/yRMsXzLDJSL7BPrOZt73gU0iWO4mpqzqQzOz5srxqTvMBaR0XZTSrVWo4j55Rc6cA=="
    },
    "node_modules/vscode-textmate": {
      "version": "9.0.0",
      "resolved": "https://registry.npmjs.org/vscode-textmate/-/vscode-textmate-9.0.0.tgz",
      "integrity": "sha512-Cl65diFGxz7gpwbav10HqiY/eVYTO1sjQpmRmV991Bj7wAoOAjGQ97PpQcXorDE2Uc4hnGWLY17xme+5t6MlSg=="
    },
    "node_modules/vscode-ws-jsonrpc": {
      "version": "3.3.2",
      "resolved": "https://registry.npmjs.org/vscode-ws-jsonrpc/-/vscode-ws-jsonrpc-3.3.2.tgz",
      "integrity": "sha512-jxGHxAuow67sNRkkS2svsW00ZACX+Zrbury9Au2A22px6sg4pe858Nnnwvtg0Pm4D0L/W9Yzn7N7X3R/RIMxsQ==",
      "dependencies": {
        "vscode-jsonrpc": "~8.2.1"
      },
      "engines": {
        "node": ">=16.11.0",
        "npm": ">=8.0.0"
      }
    },
    "node_modules/vscode-ws-jsonrpc/node_modules/vscode-jsonrpc": {
      "version": "8.2.1",
      "resolved": "https://registry.npmjs.org/vscode-jsonrpc/-/vscode-jsonrpc-8.2.1.tgz",
      "integrity": "sha512-kdjOSJ2lLIn7r1rtrMbbNCHjyMPfRnowdKjBQ+mGq6NAW5QY2bEZC/khaC5OR8svbbjvLEaIXkOq45e2X9BIbQ==",
      "engines": {
        "node": ">=14.0.0"
      }
    },
    "node_modules/zod": {
      "version": "3.23.8",
      "resolved": "https://registry.npmjs.org/zod/-/zod-3.23.8.tgz",
      "integrity": "sha512-XBx9AXhXktjUqnepgTiE5flcKIYWi/rme0Eaj+5Y0lftuGBq+jyRu/md4WnuxqgP1ubdpNCsYEYPxrzVHD8d6g==",
      "funding": {
        "url": "https://github.com/sponsors/colinhacks"
      }
    }
  }
}
